// !$*UTF8*$!
{
	archiveVersion = 1;
	classes = {
	};
	objectVersion = 50;
	objects = {

/* Begin PBXBuildFile section */
		041421F3252089E900EA4F06 /* ZigZagConversion.swift in Sources */ = {isa = PBXBuildFile; fileRef = 041421F2252089E900EA4F06 /* ZigZagConversion.swift */; };
		041421F625208E1F00EA4F06 /* ZigZagConversionTest.swift in Sources */ = {isa = PBXBuildFile; fileRef = 041421F525208E1F00EA4F06 /* ZigZagConversionTest.swift */; };
		041FDF3F2519EEEF0003DFB9 /* main.swift in Sources */ = {isa = PBXBuildFile; fileRef = 041FDF3E2519EEEF0003DFB9 /* main.swift */; };
		041FDF4A2519EF960003DFB9 /* TwoSum.swift in Sources */ = {isa = PBXBuildFile; fileRef = 041FDF492519EF960003DFB9 /* TwoSum.swift */; };
		041FDF4D2519EFF70003DFB9 /* TwoSumTest.swift in Sources */ = {isa = PBXBuildFile; fileRef = 041FDF4C2519EFF70003DFB9 /* TwoSumTest.swift */; };
		041FDF502519F0520003DFB9 /* TestProtocol.swift in Sources */ = {isa = PBXBuildFile; fileRef = 041FDF4F2519F0520003DFB9 /* TestProtocol.swift */; };
		043391CE2521D55B003DBC75 /* ReverseIntegerTest.swift in Sources */ = {isa = PBXBuildFile; fileRef = 043391CC2521D55B003DBC75 /* ReverseIntegerTest.swift */; };
		043391CF2521D55B003DBC75 /* ReverseInteger.swift in Sources */ = {isa = PBXBuildFile; fileRef = 043391CD2521D55B003DBC75 /* ReverseInteger.swift */; };
		043391D42521D701003DBC75 /* StringToInteger.swift in Sources */ = {isa = PBXBuildFile; fileRef = 043391D32521D701003DBC75 /* StringToInteger.swift */; };
		043391D82521D70B003DBC75 /* StringToIntegerTest.swift in Sources */ = {isa = PBXBuildFile; fileRef = 043391D72521D70B003DBC75 /* StringToIntegerTest.swift */; };
		04341CC6251C711A00D9B9C9 /*  LongestNoRepeatSubstring.swift in Sources */ = {isa = PBXBuildFile; fileRef = 04341CC5251C711A00D9B9C9 /*  LongestNoRepeatSubstring.swift */; };
		04341CC9251C747D00D9B9C9 /*  LongestNoRepeatSubstringTest.swift in Sources */ = {isa = PBXBuildFile; fileRef = 04341CC8251C747D00D9B9C9 /*  LongestNoRepeatSubstringTest.swift */; };
		044D0A8825230B4F004EFAC1 /* PalindromeNumber.swift in Sources */ = {isa = PBXBuildFile; fileRef = 044D0A8725230B4F004EFAC1 /* PalindromeNumber.swift */; };
		044D0A8C25230B61004EFAC1 /* PalindromeNumberTest.swift in Sources */ = {isa = PBXBuildFile; fileRef = 044D0A8B25230B61004EFAC1 /* PalindromeNumberTest.swift */; };
		045A6FD425241B360060A48B /* RegularExpressionMatching.swift in Sources */ = {isa = PBXBuildFile; fileRef = 045A6FD325241B360060A48B /* RegularExpressionMatching.swift */; };
		045A6FD825241E130060A48B /* RegularExpressionMatchingTest.swift in Sources */ = {isa = PBXBuildFile; fileRef = 045A6FD725241E130060A48B /* RegularExpressionMatchingTest.swift */; };
		047A7C1425202FA600CD6E93 /* LongestPalindromicSubstring.swift in Sources */ = {isa = PBXBuildFile; fileRef = 047A7C1325202FA600CD6E93 /* LongestPalindromicSubstring.swift */; };
		047A7C1825202FED00CD6E93 /* LongestPalindromicSubstringTest.swift in Sources */ = {isa = PBXBuildFile; fileRef = 047A7C1725202FED00CD6E93 /* LongestPalindromicSubstringTest.swift */; };
		04E6D021251B5A98000DE714 /* AddTwoNumbersTest.swift in Sources */ = {isa = PBXBuildFile; fileRef = 04E6D01E251B5A98000DE714 /* AddTwoNumbersTest.swift */; };
		04E6D022251B5A98000DE714 /* AddTwoNumbers.swift in Sources */ = {isa = PBXBuildFile; fileRef = 04E6D01F251B5A98000DE714 /* AddTwoNumbers.swift */; };
		04E74EDF251D933100927E76 /* MedianTwoSortedArray.swift in Sources */ = {isa = PBXBuildFile; fileRef = 04E74EDE251D933100927E76 /* MedianTwoSortedArray.swift */; };
		04E74EE3251D934C00927E76 /* MedianTwoSortedArrayTest.swift in Sources */ = {isa = PBXBuildFile; fileRef = 04E74EE2251D934C00927E76 /* MedianTwoSortedArrayTest.swift */; };
/* End PBXBuildFile section */

/* Begin PBXCopyFilesBuildPhase section */
		041FDF392519EEEF0003DFB9 /* CopyFiles */ = {
			isa = PBXCopyFilesBuildPhase;
			buildActionMask = 2147483647;
			dstPath = /usr/share/man/man1/;
			dstSubfolderSpec = 0;
			files = (
			);
			runOnlyForDeploymentPostprocessing = 1;
		};
/* End PBXCopyFilesBuildPhase section */

/* Begin PBXFileReference section */
		041421F2252089E900EA4F06 /* ZigZagConversion.swift */ = {isa = PBXFileReference; lastKnownFileType = sourcecode.swift; path = ZigZagConversion.swift; sourceTree = "<group>"; };
		041421F525208E1F00EA4F06 /* ZigZagConversionTest.swift */ = {isa = PBXFileReference; lastKnownFileType = sourcecode.swift; path = ZigZagConversionTest.swift; sourceTree = "<group>"; };
		041FDF3B2519EEEF0003DFB9 /* LeetCode */ = {isa = PBXFileReference; explicitFileType = "compiled.mach-o.executable"; includeInIndex = 0; path = LeetCode; sourceTree = BUILT_PRODUCTS_DIR; };
		041FDF3E2519EEEF0003DFB9 /* main.swift */ = {isa = PBXFileReference; lastKnownFileType = sourcecode.swift; path = main.swift; sourceTree = "<group>"; };
		041FDF472519EF5B0003DFB9 /* 1.Two Sum-两数之和.md */ = {isa = PBXFileReference; lastKnownFileType = net.daringfireball.markdown; path = "1.Two Sum-两数之和.md"; sourceTree = "<group>"; };
		041FDF492519EF960003DFB9 /* TwoSum.swift */ = {isa = PBXFileReference; lastKnownFileType = sourcecode.swift; path = TwoSum.swift; sourceTree = "<group>"; };
		041FDF4C2519EFF70003DFB9 /* TwoSumTest.swift */ = {isa = PBXFileReference; lastKnownFileType = sourcecode.swift; path = TwoSumTest.swift; sourceTree = "<group>"; };
		041FDF4F2519F0520003DFB9 /* TestProtocol.swift */ = {isa = PBXFileReference; lastKnownFileType = sourcecode.swift; path = TestProtocol.swift; sourceTree = "<group>"; };
		043391C22521B958003DBC75 /* 6.ZigZag Conversion-Z 字形变换.md */ = {isa = PBXFileReference; fileEncoding = 4; lastKnownFileType = net.daringfireball.markdown; path = "6.ZigZag Conversion-Z 字形变换.md"; sourceTree = "<group>"; };
		043391CC2521D55B003DBC75 /* ReverseIntegerTest.swift */ = {isa = PBXFileReference; fileEncoding = 4; lastKnownFileType = sourcecode.swift; path = ReverseIntegerTest.swift; sourceTree = "<group>"; };
		043391CD2521D55B003DBC75 /* ReverseInteger.swift */ = {isa = PBXFileReference; fileEncoding = 4; lastKnownFileType = sourcecode.swift; path = ReverseInteger.swift; sourceTree = "<group>"; };
		043391D12521D56E003DBC75 /* 7.Reverse Integer-整数反转.md */ = {isa = PBXFileReference; fileEncoding = 4; lastKnownFileType = net.daringfireball.markdown; path = "7.Reverse Integer-整数反转.md"; sourceTree = "<group>"; };
		043391D32521D701003DBC75 /* StringToInteger.swift */ = {isa = PBXFileReference; lastKnownFileType = sourcecode.swift; path = StringToInteger.swift; sourceTree = "<group>"; };
		043391D72521D70B003DBC75 /* StringToIntegerTest.swift */ = {isa = PBXFileReference; lastKnownFileType = sourcecode.swift; path = StringToIntegerTest.swift; sourceTree = "<group>"; };
		04341CC5251C711A00D9B9C9 /*  LongestNoRepeatSubstring.swift */ = {isa = PBXFileReference; lastKnownFileType = sourcecode.swift; path = " LongestNoRepeatSubstring.swift"; sourceTree = "<group>"; };
		04341CC8251C747D00D9B9C9 /*  LongestNoRepeatSubstringTest.swift */ = {isa = PBXFileReference; lastKnownFileType = sourcecode.swift; path = " LongestNoRepeatSubstringTest.swift"; sourceTree = "<group>"; };
		04341CCC251CA51900D9B9C9 /* 3.Longest Substring Without Repeating Characters-无重复字符的最长子串.md */ = {isa = PBXFileReference; fileEncoding = 4; lastKnownFileType = net.daringfireball.markdown; path = "3.Longest Substring Without Repeating Characters-无重复字符的最长子串.md"; sourceTree = "<group>"; };
		044D0A842523020E004EFAC1 /* 8.String to Integer (atoi)-字符串转换整数 (atoi).md */ = {isa = PBXFileReference; fileEncoding = 4; lastKnownFileType = net.daringfireball.markdown; path = "8.String to Integer (atoi)-字符串转换整数 (atoi).md"; sourceTree = "<group>"; };
		044D0A8725230B4F004EFAC1 /* PalindromeNumber.swift */ = {isa = PBXFileReference; lastKnownFileType = sourcecode.swift; path = PalindromeNumber.swift; sourceTree = "<group>"; };
		044D0A8B25230B61004EFAC1 /* PalindromeNumberTest.swift */ = {isa = PBXFileReference; lastKnownFileType = sourcecode.swift; path = PalindromeNumberTest.swift; sourceTree = "<group>"; };
		044D0A8E252328E3004EFAC1 /* 9.Palindrome Number-回文数.md */ = {isa = PBXFileReference; fileEncoding = 4; lastKnownFileType = net.daringfireball.markdown; path = "9.Palindrome Number-回文数.md"; sourceTree = "<group>"; };
		045A6FD325241B360060A48B /* RegularExpressionMatching.swift */ = {isa = PBXFileReference; lastKnownFileType = sourcecode.swift; path = RegularExpressionMatching.swift; sourceTree = "<group>"; };
		045A6FD725241E130060A48B /* RegularExpressionMatchingTest.swift */ = {isa = PBXFileReference; lastKnownFileType = sourcecode.swift; path = RegularExpressionMatchingTest.swift; sourceTree = "<group>"; };
		047A7C1325202FA600CD6E93 /* LongestPalindromicSubstring.swift */ = {isa = PBXFileReference; lastKnownFileType = sourcecode.swift; path = LongestPalindromicSubstring.swift; sourceTree = "<group>"; };
		047A7C1725202FED00CD6E93 /* LongestPalindromicSubstringTest.swift */ = {isa = PBXFileReference; lastKnownFileType = sourcecode.swift; path = LongestPalindromicSubstringTest.swift; sourceTree = "<group>"; };
		047A7C1B25207A3A00CD6E93 /* 5.Longest Palindromic Substring-最长回文子串.md */ = {isa = PBXFileReference; fileEncoding = 4; lastKnownFileType = net.daringfireball.markdown; path = "5.Longest Palindromic Substring-最长回文子串.md"; sourceTree = "<group>"; };
		04E6D01E251B5A98000DE714 /* AddTwoNumbersTest.swift */ = {isa = PBXFileReference; fileEncoding = 4; lastKnownFileType = sourcecode.swift; path = AddTwoNumbersTest.swift; sourceTree = "<group>"; };
		04E6D01F251B5A98000DE714 /* AddTwoNumbers.swift */ = {isa = PBXFileReference; fileEncoding = 4; lastKnownFileType = sourcecode.swift; path = AddTwoNumbers.swift; sourceTree = "<group>"; };
		04E6D020251B5A98000DE714 /* 2.Add Two Numbers-两数相加.md */ = {isa = PBXFileReference; fileEncoding = 4; lastKnownFileType = net.daringfireball.markdown; path = "2.Add Two Numbers-两数相加.md"; sourceTree = "<group>"; };
		04E74EDE251D933100927E76 /* MedianTwoSortedArray.swift */ = {isa = PBXFileReference; lastKnownFileType = sourcecode.swift; path = MedianTwoSortedArray.swift; sourceTree = "<group>"; };
		04E74EE2251D934C00927E76 /* MedianTwoSortedArrayTest.swift */ = {isa = PBXFileReference; lastKnownFileType = sourcecode.swift; path = MedianTwoSortedArrayTest.swift; sourceTree = "<group>"; };
		A79A1AF3251E335200E9303B /* 4.edian of Two Sorted Arrays-寻找两个正序数组的中位数.md */ = {isa = PBXFileReference; fileEncoding = 4; lastKnownFileType = net.daringfireball.markdown; path = "4.edian of Two Sorted Arrays-寻找两个正序数组的中位数.md"; sourceTree = "<group>"; };
/* End PBXFileReference section */

/* Begin PBXFrameworksBuildPhase section */
		041FDF382519EEEF0003DFB9 /* Frameworks */ = {
			isa = PBXFrameworksBuildPhase;
			buildActionMask = 2147483647;
			files = (
			);
			runOnlyForDeploymentPostprocessing = 0;
		};
/* End PBXFrameworksBuildPhase section */

/* Begin PBXGroup section */
		041421F12520898100EA4F06 /* 6.ZigZag Conversion-Z 字形变换 */ = {
			isa = PBXGroup;
			children = (
				043391C22521B958003DBC75 /* 6.ZigZag Conversion-Z 字形变换.md */,
				041421F2252089E900EA4F06 /* ZigZagConversion.swift */,
				041421F525208E1F00EA4F06 /* ZigZagConversionTest.swift */,
			);
			path = "6.ZigZag Conversion-Z 字形变换";
			sourceTree = "<group>";
		};
		041FDF322519EEEF0003DFB9 = {
			isa = PBXGroup;
			children = (
				041FDF3D2519EEEF0003DFB9 /* LeetCode */,
				041FDF3C2519EEEF0003DFB9 /* Products */,
			);
			sourceTree = "<group>";
		};
		041FDF3C2519EEEF0003DFB9 /* Products */ = {
			isa = PBXGroup;
			children = (
				041FDF3B2519EEEF0003DFB9 /* LeetCode */,
			);
			name = Products;
			sourceTree = "<group>";
		};
		041FDF3D2519EEEF0003DFB9 /* LeetCode */ = {
			isa = PBXGroup;
			children = (
				041FDF462519EF2A0003DFB9 /* 1.Two Sum-两数之和 */,
				04E6D01D251B5A98000DE714 /* 2.Add Two Numbers-两数相加 */,
				04341CC4251C70A500D9B9C9 /* 3.Longest Substring Without Repeating Characters-无重复字符的最长子串 */,
				04E74EDD251D92D300927E76 /* 4.Median of Two Sorted Arrays-寻找两个正序数组的中位数 */,
				047A7C1225202F5800CD6E93 /* 5.Longest Palindromic Substring-最长回文子串 */,
				041421F12520898100EA4F06 /* 6.ZigZag Conversion-Z 字形变换 */,
				043391CB2521D53C003DBC75 /* 7.Reverse Integer-整数反转 */,
				043391D22521D6D2003DBC75 /* 8.String to Integer (atoi)-字符串转换整数 (atoi) */,
				044D0A8625230B0D004EFAC1 /* 9.Palindrome Number-回文数 */,
				045A6FD225241A790060A48B /* 10.Regular Expression Matching-正则表达式匹配 */,
				041FDF3E2519EEEF0003DFB9 /* main.swift */,
				041FDF4F2519F0520003DFB9 /* TestProtocol.swift */,
			);
			path = LeetCode;
			sourceTree = "<group>";
		};
		041FDF462519EF2A0003DFB9 /* 1.Two Sum-两数之和 */ = {
			isa = PBXGroup;
			children = (
				041FDF472519EF5B0003DFB9 /* 1.Two Sum-两数之和.md */,
				041FDF492519EF960003DFB9 /* TwoSum.swift */,
				041FDF4C2519EFF70003DFB9 /* TwoSumTest.swift */,
			);
			path = "1.Two Sum-两数之和";
			sourceTree = "<group>";
		};
		043391CB2521D53C003DBC75 /* 7.Reverse Integer-整数反转 */ = {
			isa = PBXGroup;
			children = (
				043391D12521D56E003DBC75 /* 7.Reverse Integer-整数反转.md */,
				043391CD2521D55B003DBC75 /* ReverseInteger.swift */,
				043391CC2521D55B003DBC75 /* ReverseIntegerTest.swift */,
			);
			path = "7.Reverse Integer-整数反转";
			sourceTree = "<group>";
		};
		043391D22521D6D2003DBC75 /* 8.String to Integer (atoi)-字符串转换整数 (atoi) */ = {
			isa = PBXGroup;
			children = (
				044D0A842523020E004EFAC1 /* 8.String to Integer (atoi)-字符串转换整数 (atoi).md */,
				043391D32521D701003DBC75 /* StringToInteger.swift */,
				043391D72521D70B003DBC75 /* StringToIntegerTest.swift */,
			);
			path = "8.String to Integer (atoi)-字符串转换整数 (atoi)";
			sourceTree = "<group>";
		};
		04341CC4251C70A500D9B9C9 /* 3.Longest Substring Without Repeating Characters-无重复字符的最长子串 */ = {
			isa = PBXGroup;
			children = (
				04341CCC251CA51900D9B9C9 /* 3.Longest Substring Without Repeating Characters-无重复字符的最长子串.md */,
				04341CC5251C711A00D9B9C9 /*  LongestNoRepeatSubstring.swift */,
				04341CC8251C747D00D9B9C9 /*  LongestNoRepeatSubstringTest.swift */,
			);
			path = "3.Longest Substring Without Repeating Characters-无重复字符的最长子串";
			sourceTree = "<group>";
		};
		044D0A8625230B0D004EFAC1 /* 9.Palindrome Number-回文数 */ = {
			isa = PBXGroup;
			children = (
				044D0A8E252328E3004EFAC1 /* 9.Palindrome Number-回文数.md */,
				044D0A8725230B4F004EFAC1 /* PalindromeNumber.swift */,
				044D0A8B25230B61004EFAC1 /* PalindromeNumberTest.swift */,
			);
			path = "9.Palindrome Number-回文数";
			sourceTree = "<group>";
		};
		045A6FD225241A790060A48B /* 10.Regular Expression Matching-正则表达式匹配 */ = {
			isa = PBXGroup;
			children = (
				045A6FD325241B360060A48B /* RegularExpressionMatching.swift */,
				045A6FD725241E130060A48B /* RegularExpressionMatchingTest.swift */,
			);
			path = "10.Regular Expression Matching-正则表达式匹配";
			sourceTree = "<group>";
		};
		047A7C1225202F5800CD6E93 /* 5.Longest Palindromic Substring-最长回文子串 */ = {
			isa = PBXGroup;
			children = (
				047A7C1B25207A3A00CD6E93 /* 5.Longest Palindromic Substring-最长回文子串.md */,
				047A7C1325202FA600CD6E93 /* LongestPalindromicSubstring.swift */,
				047A7C1725202FED00CD6E93 /* LongestPalindromicSubstringTest.swift */,
			);
			path = "5.Longest Palindromic Substring-最长回文子串";
			sourceTree = "<group>";
		};
		04E6D01D251B5A98000DE714 /* 2.Add Two Numbers-两数相加 */ = {
			isa = PBXGroup;
			children = (
				04E6D020251B5A98000DE714 /* 2.Add Two Numbers-两数相加.md */,
				04E6D01F251B5A98000DE714 /* AddTwoNumbers.swift */,
				04E6D01E251B5A98000DE714 /* AddTwoNumbersTest.swift */,
			);
			path = "2.Add Two Numbers-两数相加";
			sourceTree = "<group>";
		};
		04E74EDD251D92D300927E76 /* 4.Median of Two Sorted Arrays-寻找两个正序数组的中位数 */ = {
			isa = PBXGroup;
			children = (
				A79A1AF3251E335200E9303B /* 4.edian of Two Sorted Arrays-寻找两个正序数组的中位数.md */,
				04E74EDE251D933100927E76 /* MedianTwoSortedArray.swift */,
				04E74EE2251D934C00927E76 /* MedianTwoSortedArrayTest.swift */,
			);
			path = "4.Median of Two Sorted Arrays-寻找两个正序数组的中位数";
			sourceTree = "<group>";
		};
/* End PBXGroup section */

/* Begin PBXNativeTarget section */
		041FDF3A2519EEEF0003DFB9 /* LeetCode */ = {
			isa = PBXNativeTarget;
			buildConfigurationList = 041FDF422519EEEF0003DFB9 /* Build configuration list for PBXNativeTarget "LeetCode" */;
			buildPhases = (
				041FDF372519EEEF0003DFB9 /* Sources */,
				041FDF382519EEEF0003DFB9 /* Frameworks */,
				041FDF392519EEEF0003DFB9 /* CopyFiles */,
			);
			buildRules = (
			);
			dependencies = (
			);
			name = LeetCode;
			productName = LeetCode;
			productReference = 041FDF3B2519EEEF0003DFB9 /* LeetCode */;
			productType = "com.apple.product-type.tool";
		};
/* End PBXNativeTarget section */

/* Begin PBXProject section */
		041FDF332519EEEF0003DFB9 /* Project object */ = {
			isa = PBXProject;
			attributes = {
				LastSwiftUpdateCheck = 1200;
				LastUpgradeCheck = 1200;
				TargetAttributes = {
					041FDF3A2519EEEF0003DFB9 = {
						CreatedOnToolsVersion = 12.0;
					};
				};
			};
			buildConfigurationList = 041FDF362519EEEF0003DFB9 /* Build configuration list for PBXProject "LeetCode" */;
			compatibilityVersion = "Xcode 9.3";
			developmentRegion = en;
			hasScannedForEncodings = 0;
			knownRegions = (
				en,
				Base,
			);
			mainGroup = 041FDF322519EEEF0003DFB9;
			productRefGroup = 041FDF3C2519EEEF0003DFB9 /* Products */;
			projectDirPath = "";
			projectRoot = "";
			targets = (
				041FDF3A2519EEEF0003DFB9 /* LeetCode */,
			);
		};
/* End PBXProject section */

/* Begin PBXSourcesBuildPhase section */
		041FDF372519EEEF0003DFB9 /* Sources */ = {
			isa = PBXSourcesBuildPhase;
			buildActionMask = 2147483647;
			files = (
				043391CE2521D55B003DBC75 /* ReverseIntegerTest.swift in Sources */,
				043391D42521D701003DBC75 /* StringToInteger.swift in Sources */,
				04E6D021251B5A98000DE714 /* AddTwoNumbersTest.swift in Sources */,
				04E74EE3251D934C00927E76 /* MedianTwoSortedArrayTest.swift in Sources */,
				047A7C1425202FA600CD6E93 /* LongestPalindromicSubstring.swift in Sources */,
				041421F3252089E900EA4F06 /* ZigZagConversion.swift in Sources */,
				04E74EDF251D933100927E76 /* MedianTwoSortedArray.swift in Sources */,
				041421F625208E1F00EA4F06 /* ZigZagConversionTest.swift in Sources */,
				043391D82521D70B003DBC75 /* StringToIntegerTest.swift in Sources */,
				045A6FD825241E130060A48B /* RegularExpressionMatchingTest.swift in Sources */,
				04341CC9251C747D00D9B9C9 /*  LongestNoRepeatSubstringTest.swift in Sources */,
				04341CC6251C711A00D9B9C9 /*  LongestNoRepeatSubstring.swift in Sources */,
				045A6FD425241B360060A48B /* RegularExpressionMatching.swift in Sources */,
				043391CF2521D55B003DBC75 /* ReverseInteger.swift in Sources */,
				041FDF4A2519EF960003DFB9 /* TwoSum.swift in Sources */,
				044D0A8C25230B61004EFAC1 /* PalindromeNumberTest.swift in Sources */,
				047A7C1825202FED00CD6E93 /* LongestPalindromicSubstringTest.swift in Sources */,
				041FDF3F2519EEEF0003DFB9 /* main.swift in Sources */,
				04E6D022251B5A98000DE714 /* AddTwoNumbers.swift in Sources */,
				044D0A8825230B4F004EFAC1 /* PalindromeNumber.swift in Sources */,
				041FDF4D2519EFF70003DFB9 /* TwoSumTest.swift in Sources */,
				041FDF502519F0520003DFB9 /* TestProtocol.swift in Sources */,
			);
			runOnlyForDeploymentPostprocessing = 0;
		};
/* End PBXSourcesBuildPhase section */

/* Begin XCBuildConfiguration section */
		041FDF402519EEEF0003DFB9 /* Debug */ = {
			isa = XCBuildConfiguration;
			buildSettings = {
				ALWAYS_SEARCH_USER_PATHS = NO;
				CLANG_ANALYZER_NONNULL = YES;
				CLANG_ANALYZER_NUMBER_OBJECT_CONVERSION = YES_AGGRESSIVE;
				CLANG_CXX_LANGUAGE_STANDARD = "gnu++14";
				CLANG_CXX_LIBRARY = "libc++";
				CLANG_ENABLE_MODULES = YES;
				CLANG_ENABLE_OBJC_ARC = YES;
				CLANG_ENABLE_OBJC_WEAK = YES;
				CLANG_WARN_BLOCK_CAPTURE_AUTORELEASING = YES;
				CLANG_WARN_BOOL_CONVERSION = YES;
				CLANG_WARN_COMMA = YES;
				CLANG_WARN_CONSTANT_CONVERSION = YES;
				CLANG_WARN_DEPRECATED_OBJC_IMPLEMENTATIONS = YES;
				CLANG_WARN_DIRECT_OBJC_ISA_USAGE = YES_ERROR;
				CLANG_WARN_DOCUMENTATION_COMMENTS = YES;
				CLANG_WARN_EMPTY_BODY = YES;
				CLANG_WARN_ENUM_CONVERSION = YES;
				CLANG_WARN_INFINITE_RECURSION = YES;
				CLANG_WARN_INT_CONVERSION = YES;
				CLANG_WARN_NON_LITERAL_NULL_CONVERSION = YES;
				CLANG_WARN_OBJC_IMPLICIT_RETAIN_SELF = YES;
				CLANG_WARN_OBJC_LITERAL_CONVERSION = YES;
				CLANG_WARN_OBJC_ROOT_CLASS = YES_ERROR;
				CLANG_WARN_QUOTED_INCLUDE_IN_FRAMEWORK_HEADER = YES;
				CLANG_WARN_RANGE_LOOP_ANALYSIS = YES;
				CLANG_WARN_STRICT_PROTOTYPES = YES;
				CLANG_WARN_SUSPICIOUS_MOVE = YES;
				CLANG_WARN_UNGUARDED_AVAILABILITY = YES_AGGRESSIVE;
				CLANG_WARN_UNREACHABLE_CODE = YES;
				CLANG_WARN__DUPLICATE_METHOD_MATCH = YES;
				COPY_PHASE_STRIP = NO;
				DEBUG_INFORMATION_FORMAT = dwarf;
				ENABLE_STRICT_OBJC_MSGSEND = YES;
				ENABLE_TESTABILITY = YES;
				GCC_C_LANGUAGE_STANDARD = gnu11;
				GCC_DYNAMIC_NO_PIC = NO;
				GCC_NO_COMMON_BLOCKS = YES;
				GCC_OPTIMIZATION_LEVEL = 0;
				GCC_PREPROCESSOR_DEFINITIONS = (
					"DEBUG=1",
					"$(inherited)",
				);
				GCC_WARN_64_TO_32_BIT_CONVERSION = YES;
				GCC_WARN_ABOUT_RETURN_TYPE = YES_ERROR;
				GCC_WARN_UNDECLARED_SELECTOR = YES;
				GCC_WARN_UNINITIALIZED_AUTOS = YES_AGGRESSIVE;
				GCC_WARN_UNUSED_FUNCTION = YES;
				GCC_WARN_UNUSED_VARIABLE = YES;
				MACOSX_DEPLOYMENT_TARGET = 10.15;
				MTL_ENABLE_DEBUG_INFO = INCLUDE_SOURCE;
				MTL_FAST_MATH = YES;
				ONLY_ACTIVE_ARCH = YES;
				SDKROOT = macosx;
				SWIFT_ACTIVE_COMPILATION_CONDITIONS = DEBUG;
				SWIFT_OPTIMIZATION_LEVEL = "-Onone";
			};
			name = Debug;
		};
		041FDF412519EEEF0003DFB9 /* Release */ = {
			isa = XCBuildConfiguration;
			buildSettings = {
				ALWAYS_SEARCH_USER_PATHS = NO;
				CLANG_ANALYZER_NONNULL = YES;
				CLANG_ANALYZER_NUMBER_OBJECT_CONVERSION = YES_AGGRESSIVE;
				CLANG_CXX_LANGUAGE_STANDARD = "gnu++14";
				CLANG_CXX_LIBRARY = "libc++";
				CLANG_ENABLE_MODULES = YES;
				CLANG_ENABLE_OBJC_ARC = YES;
				CLANG_ENABLE_OBJC_WEAK = YES;
				CLANG_WARN_BLOCK_CAPTURE_AUTORELEASING = YES;
				CLANG_WARN_BOOL_CONVERSION = YES;
				CLANG_WARN_COMMA = YES;
				CLANG_WARN_CONSTANT_CONVERSION = YES;
				CLANG_WARN_DEPRECATED_OBJC_IMPLEMENTATIONS = YES;
				CLANG_WARN_DIRECT_OBJC_ISA_USAGE = YES_ERROR;
				CLANG_WARN_DOCUMENTATION_COMMENTS = YES;
				CLANG_WARN_EMPTY_BODY = YES;
				CLANG_WARN_ENUM_CONVERSION = YES;
				CLANG_WARN_INFINITE_RECURSION = YES;
				CLANG_WARN_INT_CONVERSION = YES;
				CLANG_WARN_NON_LITERAL_NULL_CONVERSION = YES;
				CLANG_WARN_OBJC_IMPLICIT_RETAIN_SELF = YES;
				CLANG_WARN_OBJC_LITERAL_CONVERSION = YES;
				CLANG_WARN_OBJC_ROOT_CLASS = YES_ERROR;
				CLANG_WARN_QUOTED_INCLUDE_IN_FRAMEWORK_HEADER = YES;
				CLANG_WARN_RANGE_LOOP_ANALYSIS = YES;
				CLANG_WARN_STRICT_PROTOTYPES = YES;
				CLANG_WARN_SUSPICIOUS_MOVE = YES;
				CLANG_WARN_UNGUARDED_AVAILABILITY = YES_AGGRESSIVE;
				CLANG_WARN_UNREACHABLE_CODE = YES;
				CLANG_WARN__DUPLICATE_METHOD_MATCH = YES;
				COPY_PHASE_STRIP = NO;
				DEBUG_INFORMATION_FORMAT = "dwarf-with-dsym";
				ENABLE_NS_ASSERTIONS = NO;
				ENABLE_STRICT_OBJC_MSGSEND = YES;
				GCC_C_LANGUAGE_STANDARD = gnu11;
				GCC_NO_COMMON_BLOCKS = YES;
				GCC_WARN_64_TO_32_BIT_CONVERSION = YES;
				GCC_WARN_ABOUT_RETURN_TYPE = YES_ERROR;
				GCC_WARN_UNDECLARED_SELECTOR = YES;
				GCC_WARN_UNINITIALIZED_AUTOS = YES_AGGRESSIVE;
				GCC_WARN_UNUSED_FUNCTION = YES;
				GCC_WARN_UNUSED_VARIABLE = YES;
				MACOSX_DEPLOYMENT_TARGET = 10.15;
				MTL_ENABLE_DEBUG_INFO = NO;
				MTL_FAST_MATH = YES;
				SDKROOT = macosx;
				SWIFT_COMPILATION_MODE = wholemodule;
				SWIFT_OPTIMIZATION_LEVEL = "-O";
			};
			name = Release;
		};
		041FDF432519EEEF0003DFB9 /* Debug */ = {
			isa = XCBuildConfiguration;
			buildSettings = {
				CODE_SIGN_STYLE = Automatic;
				PRODUCT_NAME = "$(TARGET_NAME)";
				SWIFT_VERSION = 5.0;
			};
			name = Debug;
		};
		041FDF442519EEEF0003DFB9 /* Release */ = {
			isa = XCBuildConfiguration;
			buildSettings = {
				CODE_SIGN_STYLE = Automatic;
				PRODUCT_NAME = "$(TARGET_NAME)";
				SWIFT_VERSION = 5.0;
			};
			name = Release;
		};
/* End XCBuildConfiguration section */

/* Begin XCConfigurationList section */
		041FDF362519EEEF0003DFB9 /* Build configuration list for PBXProject "LeetCode" */ = {
			isa = XCConfigurationList;
			buildConfigurations = (
				041FDF402519EEEF0003DFB9 /* Debug */,
				041FDF412519EEEF0003DFB9 /* Release */,
			);
			defaultConfigurationIsVisible = 0;
			defaultConfigurationName = Release;
		};
		041FDF422519EEEF0003DFB9 /* Build configuration list for PBXNativeTarget "LeetCode" */ = {
			isa = XCConfigurationList;
			buildConfigurations = (
				041FDF432519EEEF0003DFB9 /* Debug */,
				041FDF442519EEEF0003DFB9 /* Release */,
			);
			defaultConfigurationIsVisible = 0;
			defaultConfigurationName = Release;
		};
/* End XCConfigurationList section */
	};
	rootObject = 041FDF332519EEEF0003DFB9 /* Project object */;
}
